// !$*UTF8*$!
{
	archiveVersion = 1;
	classes = {
	};
	objectVersion = 56;
	objects = {

/* Begin PBXBuildFile section */
		BACD4E7429A7D529002C8288 /* Localizable.strings in Resources */ = {isa = PBXBuildFile; fileRef = BACD4E7629A7D529002C8288 /* Localizable.strings */; };
		BAF760DD29A7ACFE00277507 /* RoomsApp.swift in Sources */ = {isa = PBXBuildFile; fileRef = BAF760DC29A7ACFE00277507 /* RoomsApp.swift */; };
		BAF760DF29A7ACFE00277507 /* ContentView.swift in Sources */ = {isa = PBXBuildFile; fileRef = BAF760DE29A7ACFE00277507 /* ContentView.swift */; };
		BAF760E129A7ACFF00277507 /* Assets.xcassets in Resources */ = {isa = PBXBuildFile; fileRef = BAF760E029A7ACFF00277507 /* Assets.xcassets */; };
		BAF760E429A7ACFF00277507 /* Preview Assets.xcassets in Resources */ = {isa = PBXBuildFile; fileRef = BAF760E329A7ACFF00277507 /* Preview Assets.xcassets */; };
		BAF760EE29A7ACFF00277507 /* RoomsTests.swift in Sources */ = {isa = PBXBuildFile; fileRef = BAF760ED29A7ACFF00277507 /* RoomsTests.swift */; };
		BAF760F829A7ACFF00277507 /* RoomsUITests.swift in Sources */ = {isa = PBXBuildFile; fileRef = BAF760F729A7ACFF00277507 /* RoomsUITests.swift */; };
		BAF760FA29A7ACFF00277507 /* RoomsUITestsLaunchTests.swift in Sources */ = {isa = PBXBuildFile; fileRef = BAF760F929A7ACFF00277507 /* RoomsUITestsLaunchTests.swift */; };
		BAF7610729A7AE4100277507 /* Rooms.xcassets in Resources */ = {isa = PBXBuildFile; fileRef = BAF7610629A7AE4100277507 /* Rooms.xcassets */; };
		BAF7610929A7AE4B00277507 /* Room.swift in Sources */ = {isa = PBXBuildFile; fileRef = BAF7610829A7AE4B00277507 /* Room.swift */; };
		BAF7610B29A7B4D400277507 /* RoomDetail.swift in Sources */ = {isa = PBXBuildFile; fileRef = BAF7610A29A7B4D400277507 /* RoomDetail.swift */; };
		BAF7610D29A7BC6400277507 /* RoomStore.swift in Sources */ = {isa = PBXBuildFile; fileRef = BAF7610C29A7BC6400277507 /* RoomStore.swift */; };
/* End PBXBuildFile section */

/* Begin PBXContainerItemProxy section */
		BAF760EA29A7ACFF00277507 /* PBXContainerItemProxy */ = {
			isa = PBXContainerItemProxy;
			containerPortal = BAF760D129A7ACFE00277507 /* Project object */;
			proxyType = 1;
			remoteGlobalIDString = BAF760D829A7ACFE00277507;
			remoteInfo = Rooms;
		};
		BAF760F429A7ACFF00277507 /* PBXContainerItemProxy */ = {
			isa = PBXContainerItemProxy;
			containerPortal = BAF760D129A7ACFE00277507 /* Project object */;
			proxyType = 1;
			remoteGlobalIDString = BAF760D829A7ACFE00277507;
			remoteInfo = Rooms;
		};
/* End PBXContainerItemProxy section */

/* Begin PBXFileReference section */
		BACD4E7529A7D529002C8288 /* ar */ = {isa = PBXFileReference; lastKnownFileType = text.plist.strings; name = ar; path = ar.lproj/Localizable.strings; sourceTree = "<group>"; };
		BACD4E7729A7D52D002C8288 /* en */ = {isa = PBXFileReference; lastKnownFileType = text.plist.strings; name = en; path = en.lproj/Localizable.strings; sourceTree = "<group>"; };
		BAF760D929A7ACFE00277507 /* Rooms.app */ = {isa = PBXFileReference; explicitFileType = wrapper.application; includeInIndex = 0; path = Rooms.app; sourceTree = BUILT_PRODUCTS_DIR; };
		BAF760DC29A7ACFE00277507 /* RoomsApp.swift */ = {isa = PBXFileReference; lastKnownFileType = sourcecode.swift; path = RoomsApp.swift; sourceTree = "<group>"; };
		BAF760DE29A7ACFE00277507 /* ContentView.swift */ = {isa = PBXFileReference; lastKnownFileType = sourcecode.swift; path = ContentView.swift; sourceTree = "<group>"; };
		BAF760E029A7ACFF00277507 /* Assets.xcassets */ = {isa = PBXFileReference; lastKnownFileType = folder.assetcatalog; path = Assets.xcassets; sourceTree = "<group>"; };
		BAF760E329A7ACFF00277507 /* Preview Assets.xcassets */ = {isa = PBXFileReference; lastKnownFileType = folder.assetcatalog; path = "Preview Assets.xcassets"; sourceTree = "<group>"; };
		BAF760E929A7ACFF00277507 /* RoomsTests.xctest */ = {isa = PBXFileReference; explicitFileType = wrapper.cfbundle; includeInIndex = 0; path = RoomsTests.xctest; sourceTree = BUILT_PRODUCTS_DIR; };
		BAF760ED29A7ACFF00277507 /* RoomsTests.swift */ = {isa = PBXFileReference; lastKnownFileType = sourcecode.swift; path = RoomsTests.swift; sourceTree = "<group>"; };
		BAF760F329A7ACFF00277507 /* RoomsUITests.xctest */ = {isa = PBXFileReference; explicitFileType = wrapper.cfbundle; includeInIndex = 0; path = RoomsUITests.xctest; sourceTree = BUILT_PRODUCTS_DIR; };
		BAF760F729A7ACFF00277507 /* RoomsUITests.swift */ = {isa = PBXFileReference; lastKnownFileType = sourcecode.swift; path = RoomsUITests.swift; sourceTree = "<group>"; };
		BAF760F929A7ACFF00277507 /* RoomsUITestsLaunchTests.swift */ = {isa = PBXFileReference; lastKnownFileType = sourcecode.swift; path = RoomsUITestsLaunchTests.swift; sourceTree = "<group>"; };
		BAF7610629A7AE4100277507 /* Rooms.xcassets */ = {isa = PBXFileReference; lastKnownFileType = folder.assetcatalog; path = Rooms.xcassets; sourceTree = "<group>"; };
		BAF7610829A7AE4B00277507 /* Room.swift */ = {isa = PBXFileReference; fileEncoding = 4; lastKnownFileType = sourcecode.swift; path = Room.swift; sourceTree = "<group>"; };
		BAF7610A29A7B4D400277507 /* RoomDetail.swift */ = {isa = PBXFileReference; lastKnownFileType = sourcecode.swift; path = RoomDetail.swift; sourceTree = "<group>"; };
		BAF7610C29A7BC6400277507 /* RoomStore.swift */ = {isa = PBXFileReference; lastKnownFileType = sourcecode.swift; path = RoomStore.swift; sourceTree = "<group>"; };
/* End PBXFileReference section */

/* Begin PBXFrameworksBuildPhase section */
		BAF760D629A7ACFE00277507 /* Frameworks */ = {
			isa = PBXFrameworksBuildPhase;
			buildActionMask = 2147483647;
			files = (
			);
			runOnlyForDeploymentPostprocessing = 0;
		};
		BAF760E629A7ACFF00277507 /* Frameworks */ = {
			isa = PBXFrameworksBuildPhase;
			buildActionMask = 2147483647;
			files = (
			);
			runOnlyForDeploymentPostprocessing = 0;
		};
		BAF760F029A7ACFF00277507 /* Frameworks */ = {
			isa = PBXFrameworksBuildPhase;
			buildActionMask = 2147483647;
			files = (
			);
			runOnlyForDeploymentPostprocessing = 0;
		};
/* End PBXFrameworksBuildPhase section */

/* Begin PBXGroup section */
		BAF760D029A7ACFE00277507 = {
			isa = PBXGroup;
			children = (
				BAF760DB29A7ACFE00277507 /* Rooms */,
				BAF760EC29A7ACFF00277507 /* RoomsTests */,
				BAF760F629A7ACFF00277507 /* RoomsUITests */,
				BAF760DA29A7ACFE00277507 /* Products */,
			);
			sourceTree = "<group>";
		};
		BAF760DA29A7ACFE00277507 /* Products */ = {
			isa = PBXGroup;
			children = (
				BAF760D929A7ACFE00277507 /* Rooms.app */,
				BAF760E929A7ACFF00277507 /* RoomsTests.xctest */,
				BAF760F329A7ACFF00277507 /* RoomsUITests.xctest */,
			);
			name = Products;
			sourceTree = "<group>";
		};
		BAF760DB29A7ACFE00277507 /* Rooms */ = {
			isa = PBXGroup;
			children = (
				BAF760DC29A7ACFE00277507 /* RoomsApp.swift */,
				BAF7610A29A7B4D400277507 /* RoomDetail.swift */,
				BAF760DE29A7ACFE00277507 /* ContentView.swift */,
				BAF7610C29A7BC6400277507 /* RoomStore.swift */,
				BAF7610829A7AE4B00277507 /* Room.swift */,
				BAF760E029A7ACFF00277507 /* Assets.xcassets */,
				BAF7610629A7AE4100277507 /* Rooms.xcassets */,
				BACD4E7629A7D529002C8288 /* Localizable.strings */,
				BAF760E229A7ACFF00277507 /* Preview Content */,
			);
			path = Rooms;
			sourceTree = "<group>";
		};
		BAF760E229A7ACFF00277507 /* Preview Content */ = {
			isa = PBXGroup;
			children = (
				BAF760E329A7ACFF00277507 /* Preview Assets.xcassets */,
			);
			path = "Preview Content";
			sourceTree = "<group>";
		};
		BAF760EC29A7ACFF00277507 /* RoomsTests */ = {
			isa = PBXGroup;
			children = (
				BAF760ED29A7ACFF00277507 /* RoomsTests.swift */,
			);
			path = RoomsTests;
			sourceTree = "<group>";
		};
		BAF760F629A7ACFF00277507 /* RoomsUITests */ = {
			isa = PBXGroup;
			children = (
				BAF760F729A7ACFF00277507 /* RoomsUITests.swift */,
				BAF760F929A7ACFF00277507 /* RoomsUITestsLaunchTests.swift */,
			);
			path = RoomsUITests;
			sourceTree = "<group>";
		};
/* End PBXGroup section */

/* Begin PBXNativeTarget section */
		BAF760D829A7ACFE00277507 /* Rooms */ = {
			isa = PBXNativeTarget;
			buildConfigurationList = BAF760FD29A7ACFF00277507 /* Build configuration list for PBXNativeTarget "Rooms" */;
			buildPhases = (
				BAF760D529A7ACFE00277507 /* Sources */,
				BAF760D629A7ACFE00277507 /* Frameworks */,
				BAF760D729A7ACFE00277507 /* Resources */,
			);
			buildRules = (
			);
			dependencies = (
			);
			name = Rooms;
			productName = Rooms;
			productReference = BAF760D929A7ACFE00277507 /* Rooms.app */;
			productType = "com.apple.product-type.application";
		};
		BAF760E829A7ACFF00277507 /* RoomsTests */ = {
			isa = PBXNativeTarget;
			buildConfigurationList = BAF7610029A7ACFF00277507 /* Build configuration list for PBXNativeTarget "RoomsTests" */;
			buildPhases = (
				BAF760E529A7ACFF00277507 /* Sources */,
				BAF760E629A7ACFF00277507 /* Frameworks */,
				BAF760E729A7ACFF00277507 /* Resources */,
			);
			buildRules = (
			);
			dependencies = (
				BAF760EB29A7ACFF00277507 /* PBXTargetDependency */,
			);
			name = RoomsTests;
			productName = RoomsTests;
			productReference = BAF760E929A7ACFF00277507 /* RoomsTests.xctest */;
			productType = "com.apple.product-type.bundle.unit-test";
		};
		BAF760F229A7ACFF00277507 /* RoomsUITests */ = {
			isa = PBXNativeTarget;
			buildConfigurationList = BAF7610329A7ACFF00277507 /* Build configuration list for PBXNativeTarget "RoomsUITests" */;
			buildPhases = (
				BAF760EF29A7ACFF00277507 /* Sources */,
				BAF760F029A7ACFF00277507 /* Frameworks */,
				BAF760F129A7ACFF00277507 /* Resources */,
			);
			buildRules = (
			);
			dependencies = (
				BAF760F529A7ACFF00277507 /* PBXTargetDependency */,
			);
			name = RoomsUITests;
			productName = RoomsUITests;
			productReference = BAF760F329A7ACFF00277507 /* RoomsUITests.xctest */;
			productType = "com.apple.product-type.bundle.ui-testing";
		};
/* End PBXNativeTarget section */

/* Begin PBXProject section */
		BAF760D129A7ACFE00277507 /* Project object */ = {
			isa = PBXProject;
			attributes = {
				BuildIndependentTargetsInParallel = 1;
				LastSwiftUpdateCheck = 1420;
				LastUpgradeCheck = 1420;
				TargetAttributes = {
					BAF760D829A7ACFE00277507 = {
						CreatedOnToolsVersion = 14.2;
					};
					BAF760E829A7ACFF00277507 = {
						CreatedOnToolsVersion = 14.2;
						TestTargetID = BAF760D829A7ACFE00277507;
					};
					BAF760F229A7ACFF00277507 = {
						CreatedOnToolsVersion = 14.2;
						TestTargetID = BAF760D829A7ACFE00277507;
					};
				};
			};
			buildConfigurationList = BAF760D429A7ACFE00277507 /* Build configuration list for PBXProject "Rooms" */;
			compatibilityVersion = "Xcode 14.0";
			developmentRegion = en;
			hasScannedForEncodings = 0;
			knownRegions = (
				en,
				Base,
				ar,
			);
			mainGroup = BAF760D029A7ACFE00277507;
			productRefGroup = BAF760DA29A7ACFE00277507 /* Products */;
			projectDirPath = "";
			projectRoot = "";
			targets = (
				BAF760D829A7ACFE00277507 /* Rooms */,
				BAF760E829A7ACFF00277507 /* RoomsTests */,
				BAF760F229A7ACFF00277507 /* RoomsUITests */,
			);
		};
/* End PBXProject section */

/* Begin PBXResourcesBuildPhase section */
		BAF760D729A7ACFE00277507 /* Resources */ = {
			isa = PBXResourcesBuildPhase;
			buildActionMask = 2147483647;
			files = (
				BAF760E429A7ACFF00277507 /* Preview Assets.xcassets in Resources */,
				BACD4E7429A7D529002C8288 /* Localizable.strings in Resources */,
				BAF7610729A7AE4100277507 /* Rooms.xcassets in Resources */,
				BAF760E129A7ACFF00277507 /* Assets.xcassets in Resources */,
			);
			runOnlyForDeploymentPostprocessing = 0;
		};
		BAF760E729A7ACFF00277507 /* Resources */ = {
			isa = PBXResourcesBuildPhase;
			buildActionMask = 2147483647;
			files = (
			);
			runOnlyForDeploymentPostprocessing = 0;
		};
		BAF760F129A7ACFF00277507 /* Resources */ = {
			isa = PBXResourcesBuildPhase;
			buildActionMask = 2147483647;
			files = (
			);
			runOnlyForDeploymentPostprocessing = 0;
		};
/* End PBXResourcesBuildPhase section */

/* Begin PBXSourcesBuildPhase section */
		BAF760D529A7ACFE00277507 /* Sources */ = {
			isa = PBXSourcesBuildPhase;
			buildActionMask = 2147483647;
			files = (
				BAF7610D29A7BC6400277507 /* RoomStore.swift in Sources */,
				BAF760DF29A7ACFE00277507 /* ContentView.swift in Sources */,
				BAF760DD29A7ACFE00277507 /* RoomsApp.swift in Sources */,
				BAF7610929A7AE4B00277507 /* Room.swift in Sources */,
				BAF7610B29A7B4D400277507 /* RoomDetail.swift in Sources */,
			);
			runOnlyForDeploymentPostprocessing = 0;
		};
		BAF760E529A7ACFF00277507 /* Sources */ = {
			isa = PBXSourcesBuildPhase;
			buildActionMask = 2147483647;
			files = (
				BAF760EE29A7ACFF00277507 /* RoomsTests.swift in Sources */,
			);
			runOnlyForDeploymentPostprocessing = 0;
		};
		BAF760EF29A7ACFF00277507 /* Sources */ = {
			isa = PBXSourcesBuildPhase;
			buildActionMask = 2147483647;
			files = (
				BAF760F829A7ACFF00277507 /* RoomsUITests.swift in Sources */,
				BAF760FA29A7ACFF00277507 /* RoomsUITestsLaunchTests.swift in Sources */,
			);
			runOnlyForDeploymentPostprocessing = 0;
		};
/* End PBXSourcesBuildPhase section */

/* Begin PBXTargetDependency section */
		BAF760EB29A7ACFF00277507 /* PBXTargetDependency */ = {
			isa = PBXTargetDependency;
			target = BAF760D829A7ACFE00277507 /* Rooms */;
			targetProxy = BAF760EA29A7ACFF00277507 /* PBXContainerItemProxy */;
		};
		BAF760F529A7ACFF00277507 /* PBXTargetDependency */ = {
			isa = PBXTargetDependency;
			target = BAF760D829A7ACFE00277507 /* Rooms */;
			targetProxy = BAF760F429A7ACFF00277507 /* PBXContainerItemProxy */;
		};
/* End PBXTargetDependency section */

/* Begin PBXVariantGroup section */
		BACD4E7629A7D529002C8288 /* Localizable.strings */ = {
			isa = PBXVariantGroup;
			children = (
				BACD4E7529A7D529002C8288 /* ar */,
				BACD4E7729A7D52D002C8288 /* en */,
			);
			name = Localizable.strings;
			sourceTree = "<group>";
		};
/* End PBXVariantGroup section */

/* Begin XCBuildConfiguration section */
		BAF760FB29A7ACFF00277507 /* Debug */ = {
			isa = XCBuildConfiguration;
			buildSettings = {
				ALWAYS_SEARCH_USER_PATHS = NO;
				CLANG_ANALYZER_LOCALIZABILITY_NONLOCALIZED = YES;
				CLANG_ANALYZER_NONNULL = YES;
				CLANG_ANALYZER_NUMBER_OBJECT_CONVERSION = YES_AGGRESSIVE;
				CLANG_CXX_LANGUAGE_STANDARD = "gnu++20";
				CLANG_ENABLE_MODULES = YES;
				CLANG_ENABLE_OBJC_ARC = YES;
				CLANG_ENABLE_OBJC_WEAK = YES;
				CLANG_WARN_BLOCK_CAPTURE_AUTORELEASING = YES;
				CLANG_WARN_BOOL_CONVERSION = YES;
				CLANG_WARN_COMMA = YES;
				CLANG_WARN_CONSTANT_CONVERSION = YES;
				CLANG_WARN_DEPRECATED_OBJC_IMPLEMENTATIONS = YES;
				CLANG_WARN_DIRECT_OBJC_ISA_USAGE = YES_ERROR;
				CLANG_WARN_DOCUMENTATION_COMMENTS = YES;
				CLANG_WARN_EMPTY_BODY = YES;
				CLANG_WARN_ENUM_CONVERSION = YES;
				CLANG_WARN_INFINITE_RECURSION = YES;
				CLANG_WARN_INT_CONVERSION = YES;
				CLANG_WARN_NON_LITERAL_NULL_CONVERSION = YES;
				CLANG_WARN_OBJC_IMPLICIT_RETAIN_SELF = YES;
				CLANG_WARN_OBJC_LITERAL_CONVERSION = YES;
				CLANG_WARN_OBJC_ROOT_CLASS = YES_ERROR;
				CLANG_WARN_QUOTED_INCLUDE_IN_FRAMEWORK_HEADER = YES;
				CLANG_WARN_RANGE_LOOP_ANALYSIS = YES;
				CLANG_WARN_STRICT_PROTOTYPES = YES;
				CLANG_WARN_SUSPICIOUS_MOVE = YES;
				CLANG_WARN_UNGUARDED_AVAILABILITY = YES_AGGRESSIVE;
				CLANG_WARN_UNREACHABLE_CODE = YES;
				CLANG_WARN__DUPLICATE_METHOD_MATCH = YES;
				COPY_PHASE_STRIP = NO;
				DEBUG_INFORMATION_FORMAT = dwarf;
				ENABLE_STRICT_OBJC_MSGSEND = YES;
				ENABLE_TESTABILITY = YES;
				GCC_C_LANGUAGE_STANDARD = gnu11;
				GCC_DYNAMIC_NO_PIC = NO;
				GCC_NO_COMMON_BLOCKS = YES;
				GCC_OPTIMIZATION_LEVEL = 0;
				GCC_PREPROCESSOR_DEFINITIONS = (
					"DEBUG=1",
					"$(inherited)",
				);
				GCC_WARN_64_TO_32_BIT_CONVERSION = YES;
				GCC_WARN_ABOUT_RETURN_TYPE = YES_ERROR;
				GCC_WARN_UNDECLARED_SELECTOR = YES;
				GCC_WARN_UNINITIALIZED_AUTOS = YES_AGGRESSIVE;
				GCC_WARN_UNUSED_FUNCTION = YES;
				GCC_WARN_UNUSED_VARIABLE = YES;
				IPHONEOS_DEPLOYMENT_TARGET = 16.2;
				MTL_ENABLE_DEBUG_INFO = INCLUDE_SOURCE;
				MTL_FAST_MATH = YES;
				ONLY_ACTIVE_ARCH = YES;
				SDKROOT = iphoneos;
				SWIFT_ACTIVE_COMPILATION_CONDITIONS = DEBUG;
				SWIFT_OPTIMIZATION_LEVEL = "-Onone";
			};
			name = Debug;
		};
		BAF760FC29A7ACFF00277507 /* Release */ = {
			isa = XCBuildConfiguration;
			buildSettings = {
				ALWAYS_SEARCH_USER_PATHS = NO;
				CLANG_ANALYZER_LOCALIZABILITY_NONLOCALIZED = YES;
				CLANG_ANALYZER_NONNULL = YES;
				CLANG_ANALYZER_NUMBER_OBJECT_CONVERSION = YES_AGGRESSIVE;
				CLANG_CXX_LANGUAGE_STANDARD = "gnu++20";
				CLANG_ENABLE_MODULES = YES;
				CLANG_ENABLE_OBJC_ARC = YES;
				CLANG_ENABLE_OBJC_WEAK = YES;
				CLANG_WARN_BLOCK_CAPTURE_AUTORELEASING = YES;
				CLANG_WARN_BOOL_CONVERSION = YES;
				CLANG_WARN_COMMA = YES;
				CLANG_WARN_CONSTANT_CONVERSION = YES;
				CLANG_WARN_DEPRECATED_OBJC_IMPLEMENTATIONS = YES;
				CLANG_WARN_DIRECT_OBJC_ISA_USAGE = YES_ERROR;
				CLANG_WARN_DOCUMENTATION_COMMENTS = YES;
				CLANG_WARN_EMPTY_BODY = YES;
				CLANG_WARN_ENUM_CONVERSION = YES;
				CLANG_WARN_INFINITE_RECURSION = YES;
				CLANG_WARN_INT_CONVERSION = YES;
				CLANG_WARN_NON_LITERAL_NULL_CONVERSION = YES;
				CLANG_WARN_OBJC_IMPLICIT_RETAIN_SELF = YES;
				CLANG_WARN_OBJC_LITERAL_CONVERSION = YES;
				CLANG_WARN_OBJC_ROOT_CLASS = YES_ERROR;
				CLANG_WARN_QUOTED_INCLUDE_IN_FRAMEWORK_HEADER = YES;
				CLANG_WARN_RANGE_LOOP_ANALYSIS = YES;
				CLANG_WARN_STRICT_PROTOTYPES = YES;
				CLANG_WARN_SUSPICIOUS_MOVE = YES;
				CLANG_WARN_UNGUARDED_AVAILABILITY = YES_AGGRESSIVE;
				CLANG_WARN_UNREACHABLE_CODE = YES;
				CLANG_WARN__DUPLICATE_METHOD_MATCH = YES;
				COPY_PHASE_STRIP = NO;
				DEBUG_INFORMATION_FORMAT = "dwarf-with-dsym";
				ENABLE_NS_ASSERTIONS = NO;
				ENABLE_STRICT_OBJC_MSGSEND = YES;
				GCC_C_LANGUAGE_STANDARD = gnu11;
				GCC_NO_COMMON_BLOCKS = YES;
				GCC_WARN_64_TO_32_BIT_CONVERSION = YES;
				GCC_WARN_ABOUT_RETURN_TYPE = YES_ERROR;
				GCC_WARN_UNDECLARED_SELECTOR = YES;
				GCC_WARN_UNINITIALIZED_AUTOS = YES_AGGRESSIVE;
				GCC_WARN_UNUSED_FUNCTION = YES;
				GCC_WARN_UNUSED_VARIABLE = YES;
				IPHONEOS_DEPLOYMENT_TARGET = 16.2;
				MTL_ENABLE_DEBUG_INFO = NO;
				MTL_FAST_MATH = YES;
				SDKROOT = iphoneos;
				SWIFT_COMPILATION_MODE = wholemodule;
				SWIFT_OPTIMIZATION_LEVEL = "-O";
				VALIDATE_PRODUCT = YES;
			};
			name = Release;
		};
		BAF760FE29A7ACFF00277507 /* Debug */ = {
			isa = XCBuildConfiguration;
			buildSettings = {
				ASSETCATALOG_COMPILER_APPICON_NAME = AppIcon;
				ASSETCATALOG_COMPILER_GLOBAL_ACCENT_COLOR_NAME = AccentColor;
				CODE_SIGN_STYLE = Automatic;
				CURRENT_PROJECT_VERSION = 1;
				DEVELOPMENT_ASSET_PATHS = "\"Rooms/Preview Content\"";
				DEVELOPMENT_TEAM = 2JSKY93FHH;
				ENABLE_PREVIEWS = YES;
				GENERATE_INFOPLIST_FILE = YES;
				INFOPLIST_KEY_UIApplicationSceneManifest_Generation = YES;
				INFOPLIST_KEY_UIApplicationSupportsIndirectInputEvents = YES;
				INFOPLIST_KEY_UILaunchScreen_Generation = YES;
				INFOPLIST_KEY_UISupportedInterfaceOrientations_iPad = "UIInterfaceOrientationPortrait UIInterfaceOrientationPortraitUpsideDown UIInterfaceOrientationLandscapeLeft UIInterfaceOrientationLandscapeRight";
				INFOPLIST_KEY_UISupportedInterfaceOrientations_iPhone = "UIInterfaceOrientationPortrait UIInterfaceOrientationLandscapeLeft UIInterfaceOrientationLandscapeRight";
				LD_RUNPATH_SEARCH_PATHS = (
					"$(inherited)",
					"@executable_path/Frameworks",
				);
				MARKETING_VERSION = 1.0;
				PRODUCT_BUNDLE_IDENTIFIER = com.test.tv.MetrnomeWatch.watchkitapp;
				PRODUCT_NAME = "$(TARGET_NAME)";
				SWIFT_EMIT_LOC_STRINGS = YES;
				SWIFT_VERSION = 5.0;
				TARGETED_DEVICE_FAMILY = "1,2";
			};
			name = Debug;
		};
		BAF760FF29A7ACFF00277507 /* Release */ = {
			isa = XCBuildConfiguration;
			buildSettings = {
				ASSETCATALOG_COMPILER_APPICON_NAME = AppIcon;
				ASSETCATALOG_COMPILER_GLOBAL_ACCENT_COLOR_NAME = AccentColor;
				CODE_SIGN_STYLE = Automatic;
				CURRENT_PROJECT_VERSION = 1;
				DEVELOPMENT_ASSET_PATHS = "\"Rooms/Preview Content\"";
				DEVELOPMENT_TEAM = 2JSKY93FHH;
				ENABLE_PREVIEWS = YES;
				GENERATE_INFOPLIST_FILE = YES;
				INFOPLIST_KEY_UIApplicationSceneManifest_Generation = YES;
				INFOPLIST_KEY_UIApplicationSupportsIndirectInputEvents = YES;
				INFOPLIST_KEY_UILaunchScreen_Generation = YES;
				INFOPLIST_KEY_UISupportedInterfaceOrientations_iPad = "UIInterfaceOrientationPortrait UIInterfaceOrientationPortraitUpsideDown UIInterfaceOrientationLandscapeLeft UIInterfaceOrientationLandscapeRight";
				INFOPLIST_KEY_UISupportedInterfaceOrientations_iPhone = "UIInterfaceOrientationPortrait UIInterfaceOrientationLandscapeLeft UIInterfaceOrientationLandscapeRight";
				LD_RUNPATH_SEARCH_PATHS = (
					"$(inherited)",
					"@executable_path/Frameworks",
				);
				MARKETING_VERSION = 1.0;
				PRODUCT_BUNDLE_IDENTIFIER = com.test.tv.MetrnomeWatch.watchkitapp;
				PRODUCT_NAME = "$(TARGET_NAME)";
				SWIFT_EMIT_LOC_STRINGS = YES;
				SWIFT_VERSION = 5.0;
				TARGETED_DEVICE_FAMILY = "1,2";
			};
			name = Release;
		};
		BAF7610129A7ACFF00277507 /* Debug */ = {
			isa = XCBuildConfiguration;
			buildSettings = {
				ALWAYS_EMBED_SWIFT_STANDARD_LIBRARIES = YES;
				BUNDLE_LOADER = "$(TEST_HOST)";
				CODE_SIGN_STYLE = Automatic;
				CURRENT_PROJECT_VERSION = 1;
				DEVELOPMENT_TEAM = 2JSKY93FHH;
				GENERATE_INFOPLIST_FILE = YES;
				IPHONEOS_DEPLOYMENT_TARGET = 16.2;
				MARKETING_VERSION = 1.0;
				PRODUCT_BUNDLE_IDENTIFIER = com.test.tv.RoomsTests;
				PRODUCT_NAME = "$(TARGET_NAME)";
				SWIFT_EMIT_LOC_STRINGS = NO;
				SWIFT_VERSION = 5.0;
				TARGETED_DEVICE_FAMILY = "1,2";
				TEST_HOST = "$(BUILT_PRODUCTS_DIR)/Rooms.app/$(BUNDLE_EXECUTABLE_FOLDER_PATH)/Rooms";
			};
			name = Debug;
		};
		BAF7610229A7ACFF00277507 /* Release */ = {
			isa = XCBuildConfiguration;
			buildSettings = {
				ALWAYS_EMBED_SWIFT_STANDARD_LIBRARIES = YES;
				BUNDLE_LOADER = "$(TEST_HOST)";
				CODE_SIGN_STYLE = Automatic;
				CURRENT_PROJECT_VERSION = 1;
				DEVELOPMENT_TEAM = 2JSKY93FHH;
				GENERATE_INFOPLIST_FILE = YES;
				IPHONEOS_DEPLOYMENT_TARGET = 16.2;
				MARKETING_VERSION = 1.0;
				PRODUCT_BUNDLE_IDENTIFIER = com.test.tv.RoomsTests;
				PRODUCT_NAME = "$(TARGET_NAME)";
				SWIFT_EMIT_LOC_STRINGS = NO;
				SWIFT_VERSION = 5.0;
				TARGETED_DEVICE_FAMILY = "1,2";
				TEST_HOST = "$(BUILT_PRODUCTS_DIR)/Rooms.app/$(BUNDLE_EXECUTABLE_FOLDER_PATH)/Rooms";
			};
			name = Release;
		};
		BAF7610429A7ACFF00277507 /* Debug */ = {
			isa = XCBuildConfiguration;
			buildSettings = {
				ALWAYS_EMBED_SWIFT_STANDARD_LIBRARIES = YES;
				CODE_SIGN_STYLE = Automatic;
				CURRENT_PROJECT_VERSION = 1;
				DEVELOPMENT_TEAM = 2JSKY93FHH;
				GENERATE_INFOPLIST_FILE = YES;
				MARKETING_VERSION = 1.0;
				PRODUCT_BUNDLE_IDENTIFIER = com.test.tv.RoomsUITests;
				PRODUCT_NAME = "$(TARGET_NAME)";
				SWIFT_EMIT_LOC_STRINGS = NO;
				SWIFT_VERSION = 5.0;
				TARGETED_DEVICE_FAMILY = "1,2";
				TEST_TARGET_NAME = Rooms;
			};
			name = Debug;
		};
		BAF7610529A7ACFF00277507 /* Release */ = {
			isa = XCBuildConfiguration;
			buildSettings = {
				ALWAYS_EMBED_SWIFT_STANDARD_LIBRARIES = YES;
				CODE_SIGN_STYLE = Automatic;
				CURRENT_PROJECT_VERSION = 1;
				DEVELOPMENT_TEAM = 2JSKY93FHH;
				GENERATE_INFOPLIST_FILE = YES;
				MARKETING_VERSION = 1.0;
				PRODUCT_BUNDLE_IDENTIFIER = com.test.tv.RoomsUITests;
				PRODUCT_NAME = "$(TARGET_NAME)";
				SWIFT_EMIT_LOC_STRINGS = NO;
				SWIFT_VERSION = 5.0;
				TARGETED_DEVICE_FAMILY = "1,2";
				TEST_TARGET_NAME = Rooms;
			};
			name = Release;
		};
/* End XCBuildConfiguration section */

/* Begin XCConfigurationList section */
		BAF760D429A7ACFE00277507 /* Build configuration list for PBXProject "Rooms" */ = {
			isa = XCConfigurationList;
			buildConfigurations = (
				BAF760FB29A7ACFF00277507 /* Debug */,
				BAF760FC29A7ACFF00277507 /* Release */,
			);
			defaultConfigurationIsVisible = 0;
			defaultConfigurationName = Release;
		};
		BAF760FD29A7ACFF00277507 /* Build configuration list for PBXNativeTarget "Rooms" */ = {
			isa = XCConfigurationList;
			buildConfigurations = (
				BAF760FE29A7ACFF00277507 /* Debug */,
				BAF760FF29A7ACFF00277507 /* Release */,
			);
			defaultConfigurationIsVisible = 0;
			defaultConfigurationName = Release;
		};
		BAF7610029A7ACFF00277507 /* Build configuration list for PBXNativeTarget "RoomsTests" */ = {
			isa = XCConfigurationList;
			buildConfigurations = (
				BAF7610129A7ACFF00277507 /* Debug */,
				BAF7610229A7ACFF00277507 /* Release */,
			);
			defaultConfigurationIsVisible = 0;
			defaultConfigurationName = Release;
		};
		BAF7610329A7ACFF00277507 /* Build configuration list for PBXNativeTarget "RoomsUITests" */ = {
			isa = XCConfigurationList;
			buildConfigurations = (
				BAF7610429A7ACFF00277507 /* Debug */,
				BAF7610529A7ACFF00277507 /* Release */,
			);
			defaultConfigurationIsVisible = 0;
			defaultConfigurationName = Release;
		};
/* End XCConfigurationList section */
	};
	rootObject = BAF760D129A7ACFE00277507 /* Project object */;
}
